{
  "originHash" : "5239595a06443d219854986262b74e43561a10bc738f91fd45e6bd9ead5ad7d2",
  "pins" : [
    {
      "identity" : "alamofire",
      "kind" : "remoteSourceControl",
      "location" : "https://github.com/Alamofire/Alamofire.git",
      "state" : {
        "revision" : "7595cbcf59809f9977c5f6378500de2ad73b7ddb",
        "version" : "5.12.0"
      }
    },
    {
      "identity" : "factory",
      "kind" : "remoteSourceControl",
      "location" : "https://github.com/hmlongco/Factory.git",
      "state" : {
        "revision" : "27717e148c0c1ed2998f687a8e98d9395d684abf",
        "version" : "3.3.2"
      }
    },
    {
      "identity" : "moya",
      "kind" : "remoteSourceControl",
      "location" : "https://github.com/tangzzz-fan/Moya.git",
      "state" : {
        "branch" : "master",
        "revision" : "e340f5df1be89da50d9520f5c8a1ecdf7c901795"
      }
    },
    {
      "identity" : "tgfeatureflag",
      "kind" : "remoteSourceControl",
      "location" : "https://github.com/tangzzz-fan/TGFeatureFlag.git",
      "state" : {
        "revision" : "d1c474aa8ea75475e35925c1e448612ecf0fab7a",
        "version" : "0.5.0"
      }
    },
    {
      "identity" : "tgnavigationstack",
      "kind" : "remoteSourceControl",
      "location" : "https://github.com/tangzzz-fan/TGNavigationStack.git",
      "state" : {
        "revision" : "af3d90f7e40f360a6e2fabf00d4b787073c5236a",
        "version" : "1.1.0"
      }
    },
    {
      "identity" : "tgreduxkit",
      "kind" : "remoteSourceControl",
      "location" : "https://github.com/tangzzz-fan/TGReduxKit.git",
      "state" : {
        "revision" : "4201637c430fdc67a02c6fb8404900021b06d351",
        "version" : "5.0.1"
      }
    }
  ],
  "version" : 3
}
